<?xml version="1.0" encoding="utf-8"?>
<Project ToolsVersion="4.0" xmlns="http://schemas.microsoft.com/developer/msbuild/2003">
  <ItemGroup>
    <Filter Include="3rd Party">
      <UniqueIdentifier>{7213169e-9b29-4ece-aa4b-2dcc12315a78}</UniqueIdentifier>
    </Filter>
    <Filter Include="3rd Party\Math">
      <UniqueIdentifier>{1b33ca52-ceb0-4f6c-8fdf-e2c3e376d858}</UniqueIdentifier>
    </Filter>
    <Filter Include="3rd Party\Common">
      <UniqueIdentifier>{c5b4db68-b3c6-4236-817e-f53e7bdb2b28}</UniqueIdentifier>
    </Filter>
    <Filter Include="Engine">
      <UniqueIdentifier>{76847ab6-1d19-489e-b29f-4dee86c859bd}</UniqueIdentifier>
    </Filter>
    <Filter Include="Engine\Scene">
      <UniqueIdentifier>{fa71b668-36c6-47e4-a1d8-caf0308e06f2}</UniqueIdentifier>
    </Filter>
    <Filter Include="Engine\Rendering">
      <UniqueIdentifier>{f9d50748-9eca-48b7-b219-5ba6f597146e}</UniqueIdentifier>
    </Filter>
    <Filter Include="Example">
      <UniqueIdentifier>{4666fba9-c136-4858-a8cd-fe048a85cc5a}</UniqueIdentifier>
    </Filter>
    <Filter Include="Engine\Shaders">
      <UniqueIdentifier>{30b5315b-6caf-4505-bc96-613789cc69f0}</UniqueIdentifier>
    </Filter>
    <Filter Include="3rd Party\DirectXTK">
      <UniqueIdentifier>{fe93148d-3eb0-4190-84e0-678bcd9c1396}</UniqueIdentifier>
    </Filter>
    <Filter Include="Engine\DXGraphics">
      <UniqueIdentifier>{eea7a527-3476-488b-aad4-10d52aeb5ea3}</UniqueIdentifier>
    </Filter>
  </ItemGroup>
  <ItemGroup>
    <ClCompile Include="..\..\3rd Party\Common\CFatalException.cpp">
      <Filter>3rd Party\Common</Filter>
    </ClCompile>
    <ClCompile Include="..\..\3rd Party\Common\MSDefines.cpp">
      <Filter>3rd Party\Common</Filter>
    </ClCompile>
    <ClCompile Include="..\..\3rd Party\Common\Utility.cpp">
      <Filter>3rd Party\Common</Filter>
    </ClCompile>
    <ClCompile Include="..\..\3rd Party\Math\BaseMath.cpp">
      <Filter>3rd Party\Math</Filter>
    </ClCompile>
    <ClCompile Include="..\..\3rd Party\Math\CMatrix2x2.cpp">
      <Filter>3rd Party\Math</Filter>
    </ClCompile>
    <ClCompile Include="..\..\3rd Party\Math\CMatrix3x3.cpp">
      <Filter>3rd Party\Math</Filter>
    </ClCompile>
    <ClCompile Include="..\..\3rd Party\Math\CMatrix4x4.cpp">
      <Filter>3rd Party\Math</Filter>
    </ClCompile>
    <ClCompile Include="..\..\3rd Party\Math\CQuaternion.cpp">
      <Filter>3rd Party\Math</Filter>
    </ClCompile>
    <ClCompile Include="..\..\3rd Party\Math\CQuatTransform.cpp">
      <Filter>3rd Party\Math</Filter>
    </ClCompile>
    <ClCompile Include="..\..\3rd Party\Math\CVector2.cpp">
      <Filter>3rd Party\Math</Filter>
    </ClCompile>
    <ClCompile Include="..\..\3rd Party\Math\CVector3.cpp">
      <Filter>3rd Party\Math</Filter>
    </ClCompile>
    <ClCompile Include="..\..\3rd Party\Math\CVector4.cpp">
      <Filter>3rd Party\Math</Filter>
    </ClCompile>
    <ClCompile Include="..\..\3rd Party\Math\MathIO.cpp">
      <Filter>3rd Party\Math</Filter>
    </ClCompile>
    <ClCompile Include="..\..\3rd Party\CImportXFile.cpp">
      <Filter>3rd Party</Filter>
    </ClCompile>
    <ClCompile Include="..\Engine\Rendering\DXRenderDevice.cpp">
      <Filter>Engine\Rendering</Filter>
    </ClCompile>
    <ClCompile Include="..\Engine\Engine.cpp">
      <Filter>Engine</Filter>
    </ClCompile>
    <ClCompile Include="..\Engine\Scene\Light.cpp">
      <Filter>Engine\Scene</Filter>
    </ClCompile>
    <ClCompile Include="..\Engine\Scene\Manager.cpp">
      <Filter>Engine\Scene</Filter>
    </ClCompile>
    <ClCompile Include="..\Engine\Scene\Node.cpp">
      <Filter>Engine\Scene</Filter>
    </ClCompile>
    <ClCompile Include="..\Engine\Scene\Camera.cpp">
      <Filter>Engine\Scene</Filter>
    </ClCompile>
    <ClCompile Include="..\Engine\Rendering\Mesh.cpp">
      <Filter>Engine\Rendering</Filter>
    </ClCompile>
    <ClCompile Include="..\Engine\Scene\Model.cpp">
      <Filter>Engine\Scene</Filter>
    </ClCompile>
    <ClCompile Include="..\Engine\Rendering\TextureManager.cpp">
      <Filter>Engine\Rendering</Filter>
    </ClCompile>
    <ClCompile Include="..\Engine\Rendering\MeshManager.cpp">
      <Filter>Engine\Rendering</Filter>
    </ClCompile>
    <ClCompile Include="..\..\3rd Party\DirectXTK\WICTextureLoader.cpp">
      <Filter>3rd Party\DirectXTK</Filter>
    </ClCompile>
    <ClCompile Include="..\..\3rd Party\DirectXTK\pch.cpp">
      <Filter>3rd Party\DirectXTK</Filter>
    </ClCompile>
    <ClCompile Include="..\..\3rd Party\DirectXTK\DDSTextureLoader.cpp">
      <Filter>3rd Party\DirectXTK</Filter>
    </ClCompile>
    <ClCompile Include="..\..\3rd Party\Common\Input.cpp">
      <Filter>3rd Party\Common</Filter>
    </ClCompile>
    <ClCompile Include="..\..\3rd Party\Common\CTimer.cpp">
      <Filter>3rd Party\Common</Filter>
    </ClCompile>
    <ClCompile Include="..\Example\main.cpp">
      <Filter>Example</Filter>
    </ClCompile>
    <ClCompile Include="..\Engine\Rendering\MaterialManager.cpp">
      <Filter>Engine\Rendering</Filter>
    </ClCompile>
    <ClCompile Include="..\Engine\Rendering\Material.cpp">
      <Filter>Engine\Rendering</Filter>
    </ClCompile>
    <ClCompile Include="..\Engine\DXGraphics\DXCommon.cpp">
      <Filter>Engine\DXGraphics</Filter>
    </ClCompile>
    <ClCompile Include="..\Engine\DXGraphics\Shader.cpp">
      <Filter>Engine\DXGraphics</Filter>
    </ClCompile>
    <ClCompile Include="..\Engine\DXGraphics\RenderPass.cpp">
      <Filter>Engine\DXGraphics</Filter>
    </ClCompile>
  </ItemGroup>
  <ItemGroup>
    <ClInclude Include="..\..\3rd Party\Common\CFatalException.h">
      <Filter>3rd Party\Common</Filter>
    </ClInclude>
    <ClInclude Include="..\..\3rd Party\Common\Error.h">
      <Filter>3rd Party\Common</Filter>
    </ClInclude>
    <ClInclude Include="..\..\3rd Party\Common\GenDefines.h">
      <Filter>3rd Party\Common</Filter>
    </ClInclude>
    <ClInclude Include="..\..\3rd Party\Common\MSDefines.h">
      <Filter>3rd Party\Common</Filter>
    </ClInclude>
    <ClInclude Include="..\..\3rd Party\Common\Utility.h">
      <Filter>3rd Party\Common</Filter>
    </ClInclude>
    <ClInclude Include="..\..\3rd Party\Math\BaseMath.h">
      <Filter>3rd Party\Math</Filter>
    </ClInclude>
    <ClInclude Include="..\..\3rd Party\Math\CMatrix2x2.h">
      <Filter>3rd Party\Math</Filter>
    </ClInclude>
    <ClInclude Include="..\..\3rd Party\Math\CMatrix3x3.h">
      <Filter>3rd Party\Math</Filter>
    </ClInclude>
    <ClInclude Include="..\..\3rd Party\Math\CMatrix4x4.h">
      <Filter>3rd Party\Math</Filter>
    </ClInclude>
    <ClInclude Include="..\..\3rd Party\Math\CQuaternion.h">
      <Filter>3rd Party\Math</Filter>
    </ClInclude>
    <ClInclude Include="..\..\3rd Party\Math\CQuatTransform.h">
      <Filter>3rd Party\Math</Filter>
    </ClInclude>
    <ClInclude Include="..\..\3rd Party\Math\CVector2.h">
      <Filter>3rd Party\Math</Filter>
    </ClInclude>
    <ClInclude Include="..\..\3rd Party\Math\CVector3.h">
      <Filter>3rd Party\Math</Filter>
    </ClInclude>
    <ClInclude Include="..\..\3rd Party\Math\CVector4.h">
      <Filter>3rd Party\Math</Filter>
    </ClInclude>
    <ClInclude Include="..\..\3rd Party\Math\MathDX.h">
      <Filter>3rd Party\Math</Filter>
    </ClInclude>
    <ClInclude Include="..\..\3rd Party\Math\MathIO.h">
      <Filter>3rd Party\Math</Filter>
    </ClInclude>
    <ClInclude Include="..\..\3rd Party\CImportXFile.h">
      <Filter>3rd Party</Filter>
    </ClInclude>
    <ClInclude Include="..\..\3rd Party\Colour.h">
      <Filter>3rd Party</Filter>
    </ClInclude>
    <ClInclude Include="..\..\3rd Party\MeshData.h">
      <Filter>3rd Party</Filter>
    </ClInclude>
    <ClInclude Include="..\..\3rd Party\rmxfguid.h">
      <Filter>3rd Party</Filter>
    </ClInclude>
    <ClInclude Include="..\..\3rd Party\rmxftmpl.h">
      <Filter>3rd Party</Filter>
    </ClInclude>
    <ClInclude Include="..\Interface\IEngine.h">
      <Filter>Engine</Filter>
    </ClInclude>
    <ClInclude Include="..\Engine\Rendering\DXRenderDevice.h">
      <Filter>Engine\Rendering</Filter>
    </ClInclude>
    <ClInclude Include="..\Engine\Engine.h">
      <Filter>Engine</Filter>
    </ClInclude>
    <ClInclude Include="..\Engine\Scene\Light.h">
      <Filter>Engine\Scene</Filter>
    </ClInclude>
    <ClInclude Include="..\Engine\Scene\Manager.h">
      <Filter>Engine\Scene</Filter>
    </ClInclude>
    <ClInclude Include="..\Engine\Scene\Node.h">
      <Filter>Engine\Scene</Filter>
    </ClInclude>
    <ClInclude Include="..\Engine\Scene\Camera.h">
      <Filter>Engine\Scene</Filter>
    </ClInclude>
    <ClInclude Include="..\Engine\Rendering\Mesh.h">
      <Filter>Engine\Rendering</Filter>
    </ClInclude>
    <ClInclude Include="..\Engine\Rendering\MeshManager.h">
      <Filter>Engine\Rendering</Filter>
    </ClInclude>
    <ClInclude Include="..\Engine\Scene\Model.h">
      <Filter>Engine\Scene</Filter>
    </ClInclude>
    <ClInclude Include="..\Engine\Rendering\TextureManager.h">
      <Filter>Engine\Rendering</Filter>
    </ClInclude>
    <ClInclude Include="..\..\3rd Party\DirectXTK\WICTextureLoader.h">
      <Filter>3rd Party\DirectXTK</Filter>
    </ClInclude>
    <ClInclude Include="..\..\3rd Party\DirectXTK\PlatformHelpers.h">
      <Filter>3rd Party\DirectXTK</Filter>
    </ClInclude>
    <ClInclude Include="..\..\3rd Party\DirectXTK\pch.h">
      <Filter>3rd Party\DirectXTK</Filter>
    </ClInclude>
    <ClInclude Include="..\..\3rd Party\DirectXTK\LoaderHelpers.h">
      <Filter>3rd Party\DirectXTK</Filter>
    </ClInclude>
    <ClInclude Include="..\..\3rd Party\DirectXTK\DirectXHelpers.h">
      <Filter>3rd Party\DirectXTK</Filter>
    </ClInclude>
    <ClInclude Include="..\..\3rd Party\DirectXTK\dds.h">
      <Filter>3rd Party\DirectXTK</Filter>
    </ClInclude>
    <ClInclude Include="..\..\3rd Party\DirectXTK\DDSTextureLoader.h">
      <Filter>3rd Party\DirectXTK</Filter>
    </ClInclude>
    <ClInclude Include="..\..\3rd Party\Common\Input.h">
      <Filter>3rd Party\Common</Filter>
    </ClInclude>
    <ClInclude Include="..\..\3rd Party\Common\Resource.h">
      <Filter>3rd Party\Common</Filter>
    </ClInclude>
    <ClInclude Include="..\..\3rd Party\Common\CTimer.h">
      <Filter>3rd Party\Common</Filter>
    </ClInclude>
    <ClInclude Include="..\Engine\Rendering\MaterialManager.h">
      <Filter>Engine\Rendering</Filter>
    </ClInclude>
    <ClInclude Include="..\Engine\Rendering\Material.h">
      <Filter>Engine\Rendering</Filter>
    </ClInclude>
    <ClInclude Include="..\Engine\DXGraphics\ConstantBuffer.h">
      <Filter>Engine\DXGraphics</Filter>
    </ClInclude>
    <ClInclude Include="..\Engine\DXGraphics\StructuredBuffer.h">
      <Filter>Engine\DXGraphics</Filter>
    </ClInclude>
    <ClInclude Include="..\Engine\DXGraphics\DXIncludes.h">
      <Filter>Engine\DXGraphics</Filter>
    </ClInclude>
    <ClInclude Include="..\Engine\DXGraphics\DXCommon.h">
      <Filter>Engine\DXGraphics</Filter>
    </ClInclude>
    <ClInclude Include="..\Engine\DXGraphics\Shader.h">
      <Filter>Engine\DXGraphics</Filter>
    </ClInclude>
    <ClInclude Include="..\Engine\Shaders\CommonStructs.h">
      <Filter>Engine\Shaders</Filter>
    </ClInclude>
    <ClInclude Include="..\Engine\DXGraphics\Texture2D.h">
      <Filter>Engine\DXGraphics</Filter>
    </ClInclude>
    <ClInclude Include="..\Engine\DXGraphics\IDXResource.h">
      <Filter>Engine\DXGraphics</Filter>
    </ClInclude>
    <ClInclude Include="..\Engine\DXGraphics\RenderPass.h">
      <Filter>Engine\DXGraphics</Filter>
    </ClInclude>
  </ItemGroup>
  <ItemGroup>
    <FxCompile Include="..\Engine\Shaders\ModelVS.hlsl">
      <Filter>Engine\Shaders</Filter>
    </FxCompile>
    <FxCompile Include="..\Engine\Shaders\ModelPS.hlsl">
      <Filter>Engine\Shaders</Filter>
    </FxCompile>
    <FxCompile Include="..\Engine\Shaders\DepthVS.hlsl">
      <Filter>Engine\Shaders</Filter>
    </FxCompile>
    <FxCompile Include="..\Engine\Shaders\DepthPS.hlsl">
      <Filter>Engine\Shaders</Filter>
    </FxCompile>
    <FxCompile Include="..\Engine\Shaders\FrustumCalc.hlsl">
      <Filter>Engine\Shaders</Filter>
    </FxCompile>
    <FxCompile Include="..\Engine\Shaders\LightCull.hlsl">
      <Filter>Engine\Shaders</Filter>
    </FxCompile>
    <FxCompile Include="..\Engine\Shaders\CopyBufferCS.hlsl">
      <Filter>Engine\Shaders</Filter>
    </FxCompile>
    <FxCompile Include="..\Engine\Shaders\HeatMapPS.hlsl">
      <Filter>Engine\Shaders</Filter>
    </FxCompile>
    <FxCompile Include="..\Engine\Shaders\HeatMapVS.hlsl">
      <Filter>Engine\Shaders</Filter>
    </FxCompile>
    <FxCompile Include="..\Engine\Shaders\ForwardPS.hlsl">
      <Filter>Engine\Shaders</Filter>
    </FxCompile>
  </ItemGroup>
</Project>